
Microsoft Visual Studio Solution File, Format Version 12.00
# Visual Studio Version 16
VisualStudioVersion = 16.0.29509.3
MinimumVisualStudioVersion = 10.0.40219.1
Project("{FAE04EC0-301F-11D3-BF4B-00C04F79EFBC}") = "RoemArabGUI", "RoemArabGUI\RoemArabGUI.csproj", "{FD364C11-F647-4849-83A4-5148CE4F229E}"
EndProject
Global
	GlobalSection(SolutionConfigurationPlatforms) = preSolution
		Debug|Any CPU = Debug|Any CPU
		Release|Any CPU = Release|Any CPU
	EndGlobalSection
	GlobalSection(ProjectConfigurationPlatforms) = postSolution
		{FD364C11-F647-4849-83A4-5148CE4F229E}.Debug|Any CPU.ActiveCfg = Debug|Any CPU
		{FD364C11-F647-4849-83A4-5148CE4F229E}.Debug|Any CPU.Build.0 = Debug|Any CPU
		{FD364C11-F647-4849-83A4-5148CE4F229E}.Release|Any CPU.ActiveCfg = Release|Any CPU
		{FD364C11-F647-4849-83A4-5148CE4F229E}.Release|Any CPU.Build.0 = Release|Any CPU
	EndGlobalSection
	GlobalSection(SolutionProperties) = preSolution
		HideSolutionNode = FALSE
	EndGlobalSection
	GlobalSection(ExtensibilityGlobals) = postSolution
		SolutionGuid = {7EE2CA56-94CF-48C0-971A-859D0BDD9C9D}
	EndGlobalSection
EndGlobal
